
Microsoft Visual Studio Solution File, Format Version 12.00
# Visual Studio Version 17
VisualStudioVersion = 17.2.32516.85
MinimumVisualStudioVersion = 10.0.40219.1
Project("{FAE04EC0-301F-11D3-BF4B-00C04F79EFBC}") = "10.2 - Luvun arvaus - While", "10.2 - Luvun arvaus - While\10.2 - Luvun arvaus - While.csproj", "{E613F37C-6AD3-4A1E-A302-0AC89D31A8FF}"
EndProject
Global
	GlobalSection(SolutionConfigurationPlatforms) = preSolution
		Debug|Any CPU = Debug|Any CPU
		Release|Any CPU = Release|Any CPU
	EndGlobalSection
	GlobalSection(ProjectConfigurationPlatforms) = postSolution
		{E613F37C-6AD3-4A1E-A302-0AC89D31A8FF}.Debug|Any CPU.ActiveCfg = Debug|Any CPU
		{E613F37C-6AD3-4A1E-A302-0AC89D31A8FF}.Debug|Any CPU.Build.0 = Debug|Any CPU
		{E613F37C-6AD3-4A1E-A302-0AC89D31A8FF}.Release|Any CPU.ActiveCfg = Release|Any CPU
		{E613F37C-6AD3-4A1E-A302-0AC89D31A8FF}.Release|Any CPU.Build.0 = Release|Any CPU
	EndGlobalSection
	GlobalSection(SolutionProperties) = preSolution
		HideSolutionNode = FALSE
	EndGlobalSection
	GlobalSection(ExtensibilityGlobals) = postSolution
		SolutionGuid = {7403D3C6-3203-4EB4-A45C-F59273E215D7}
	EndGlobalSection
EndGlobal
