
Microsoft Visual Studio Solution File, Format Version 12.00
# Visual Studio Version 17
VisualStudioVersion = 17.2.32516.85
MinimumVisualStudioVersion = 10.0.40219.1
Project("{FAE04EC0-301F-11D3-BF4B-00C04F79EFBC}") = "7.1 LukujenTulostus", "7.1 LukujenTulostus\7.1 LukujenTulostus.csproj", "{32F66DB7-D2AB-4E02-AC88-666CB698E583}"
EndProject
Global
	GlobalSection(SolutionConfigurationPlatforms) = preSolution
		Debug|Any CPU = Debug|Any CPU
		Release|Any CPU = Release|Any CPU
	EndGlobalSection
	GlobalSection(ProjectConfigurationPlatforms) = postSolution
		{32F66DB7-D2AB-4E02-AC88-666CB698E583}.Debug|Any CPU.ActiveCfg = Debug|Any CPU
		{32F66DB7-D2AB-4E02-AC88-666CB698E583}.Debug|Any CPU.Build.0 = Debug|Any CPU
		{32F66DB7-D2AB-4E02-AC88-666CB698E583}.Release|Any CPU.ActiveCfg = Release|Any CPU
		{32F66DB7-D2AB-4E02-AC88-666CB698E583}.Release|Any CPU.Build.0 = Release|Any CPU
	EndGlobalSection
	GlobalSection(SolutionProperties) = preSolution
		HideSolutionNode = FALSE
	EndGlobalSection
	GlobalSection(ExtensibilityGlobals) = postSolution
		SolutionGuid = {58C09296-8265-4362-AA62-31AA25DDE312}
	EndGlobalSection
EndGlobal
