
Microsoft Visual Studio Solution File, Format Version 12.00
# Visual Studio Version 17
VisualStudioVersion = 17.2.32516.85
MinimumVisualStudioVersion = 10.0.40219.1
Project("{FAE04EC0-301F-11D3-BF4B-00C04F79EFBC}") = "10.1 - Lukujen summa - While", "10.1 - Lukujen summa - While\10.1 - Lukujen summa - While.csproj", "{88AE0E5A-4C09-443B-8E6B-EE940C228E0E}"
EndProject
Global
	GlobalSection(SolutionConfigurationPlatforms) = preSolution
		Debug|Any CPU = Debug|Any CPU
		Release|Any CPU = Release|Any CPU
	EndGlobalSection
	GlobalSection(ProjectConfigurationPlatforms) = postSolution
		{88AE0E5A-4C09-443B-8E6B-EE940C228E0E}.Debug|Any CPU.ActiveCfg = Debug|Any CPU
		{88AE0E5A-4C09-443B-8E6B-EE940C228E0E}.Debug|Any CPU.Build.0 = Debug|Any CPU
		{88AE0E5A-4C09-443B-8E6B-EE940C228E0E}.Release|Any CPU.ActiveCfg = Release|Any CPU
		{88AE0E5A-4C09-443B-8E6B-EE940C228E0E}.Release|Any CPU.Build.0 = Release|Any CPU
	EndGlobalSection
	GlobalSection(SolutionProperties) = preSolution
		HideSolutionNode = FALSE
	EndGlobalSection
	GlobalSection(ExtensibilityGlobals) = postSolution
		SolutionGuid = {60C6B59D-E3B6-4148-B6D0-E3EA601FB5C0}
	EndGlobalSection
EndGlobal
