
Microsoft Visual Studio Solution File, Format Version 12.00
# Visual Studio Version 17
VisualStudioVersion = 17.2.32516.85
MinimumVisualStudioVersion = 10.0.40219.1
Project("{FAE04EC0-301F-11D3-BF4B-00C04F79EFBC}") = "Feature testing", "Feature testing\Feature testing.csproj", "{2E7A5F0C-EA03-49B9-8792-42DF916777DA}"
EndProject
Global
	GlobalSection(SolutionConfigurationPlatforms) = preSolution
		Debug|Any CPU = Debug|Any CPU
		Release|Any CPU = Release|Any CPU
	EndGlobalSection
	GlobalSection(ProjectConfigurationPlatforms) = postSolution
		{2E7A5F0C-EA03-49B9-8792-42DF916777DA}.Debug|Any CPU.ActiveCfg = Debug|Any CPU
		{2E7A5F0C-EA03-49B9-8792-42DF916777DA}.Debug|Any CPU.Build.0 = Debug|Any CPU
		{2E7A5F0C-EA03-49B9-8792-42DF916777DA}.Release|Any CPU.ActiveCfg = Release|Any CPU
		{2E7A5F0C-EA03-49B9-8792-42DF916777DA}.Release|Any CPU.Build.0 = Release|Any CPU
	EndGlobalSection
	GlobalSection(SolutionProperties) = preSolution
		HideSolutionNode = FALSE
	EndGlobalSection
	GlobalSection(ExtensibilityGlobals) = postSolution
		SolutionGuid = {3C93A157-7463-40D5-B573-9EB3DED10C37}
	EndGlobalSection
EndGlobal
