
Microsoft Visual Studio Solution File, Format Version 12.00
# Visual Studio Version 17
VisualStudioVersion = 17.4.33213.308
MinimumVisualStudioVersion = 10.0.40219.1
Project("{FAE04EC0-301F-11D3-BF4B-00C04F79EFBC}") = "18 - Tekstinkäsittely-charArray", "18 - Tekstinkäsittely-charArray\18 - Tekstinkäsittely-charArray.csproj", "{1661C036-C892-4F1F-A7A2-CB61FD7DBF31}"
EndProject
Global
	GlobalSection(SolutionConfigurationPlatforms) = preSolution
		Debug|Any CPU = Debug|Any CPU
		Release|Any CPU = Release|Any CPU
	EndGlobalSection
	GlobalSection(ProjectConfigurationPlatforms) = postSolution
		{1661C036-C892-4F1F-A7A2-CB61FD7DBF31}.Debug|Any CPU.ActiveCfg = Debug|Any CPU
		{1661C036-C892-4F1F-A7A2-CB61FD7DBF31}.Debug|Any CPU.Build.0 = Debug|Any CPU
		{1661C036-C892-4F1F-A7A2-CB61FD7DBF31}.Release|Any CPU.ActiveCfg = Release|Any CPU
		{1661C036-C892-4F1F-A7A2-CB61FD7DBF31}.Release|Any CPU.Build.0 = Release|Any CPU
	EndGlobalSection
	GlobalSection(SolutionProperties) = preSolution
		HideSolutionNode = FALSE
	EndGlobalSection
	GlobalSection(ExtensibilityGlobals) = postSolution
		SolutionGuid = {8574FA83-E8E4-4611-B97D-39E3A5887087}
	EndGlobalSection
EndGlobal
