
Microsoft Visual Studio Solution File, Format Version 12.00
# Visual Studio Version 17
VisualStudioVersion = 17.4.33213.308
MinimumVisualStudioVersion = 10.0.40219.1
Project("{FAE04EC0-301F-11D3-BF4B-00C04F79EFBC}") = "14 syötteen tarkistus", "14 syötteen tarkistus\14 syötteen tarkistus.csproj", "{7B51E287-EBB7-43FB-92FD-6FC8E9A5062F}"
EndProject
Global
	GlobalSection(SolutionConfigurationPlatforms) = preSolution
		Debug|Any CPU = Debug|Any CPU
		Release|Any CPU = Release|Any CPU
	EndGlobalSection
	GlobalSection(ProjectConfigurationPlatforms) = postSolution
		{7B51E287-EBB7-43FB-92FD-6FC8E9A5062F}.Debug|Any CPU.ActiveCfg = Debug|Any CPU
		{7B51E287-EBB7-43FB-92FD-6FC8E9A5062F}.Debug|Any CPU.Build.0 = Debug|Any CPU
		{7B51E287-EBB7-43FB-92FD-6FC8E9A5062F}.Release|Any CPU.ActiveCfg = Release|Any CPU
		{7B51E287-EBB7-43FB-92FD-6FC8E9A5062F}.Release|Any CPU.Build.0 = Release|Any CPU
	EndGlobalSection
	GlobalSection(SolutionProperties) = preSolution
		HideSolutionNode = FALSE
	EndGlobalSection
	GlobalSection(ExtensibilityGlobals) = postSolution
		SolutionGuid = {2AB54BA7-27F1-4A8F-BE08-C74540895831}
	EndGlobalSection
EndGlobal
