
Microsoft Visual Studio Solution File, Format Version 12.00
# Visual Studio Version 17
VisualStudioVersion = 17.2.32516.85
MinimumVisualStudioVersion = 10.0.40219.1
Project("{FAE04EC0-301F-11D3-BF4B-00C04F79EFBC}") = "team-random-item-selector1", "team-random-item-selector1\team-random-item-selector1.csproj", "{800BF72F-4DD6-49E1-B6AC-85961C4F374E}"
EndProject
Global
	GlobalSection(SolutionConfigurationPlatforms) = preSolution
		Debug|Any CPU = Debug|Any CPU
		Release|Any CPU = Release|Any CPU
	EndGlobalSection
	GlobalSection(ProjectConfigurationPlatforms) = postSolution
		{800BF72F-4DD6-49E1-B6AC-85961C4F374E}.Debug|Any CPU.ActiveCfg = Debug|Any CPU
		{800BF72F-4DD6-49E1-B6AC-85961C4F374E}.Debug|Any CPU.Build.0 = Debug|Any CPU
		{800BF72F-4DD6-49E1-B6AC-85961C4F374E}.Release|Any CPU.ActiveCfg = Release|Any CPU
		{800BF72F-4DD6-49E1-B6AC-85961C4F374E}.Release|Any CPU.Build.0 = Release|Any CPU
	EndGlobalSection
	GlobalSection(SolutionProperties) = preSolution
		HideSolutionNode = FALSE
	EndGlobalSection
	GlobalSection(ExtensibilityGlobals) = postSolution
		SolutionGuid = {78B69B45-1E7D-428E-8880-8B0EEFB78400}
	EndGlobalSection
EndGlobal
