
Microsoft Visual Studio Solution File, Format Version 12.00
# Visual Studio Version 17
VisualStudioVersion = 17.8.34330.188
MinimumVisualStudioVersion = 10.0.40219.1
Project("{FAE04EC0-301F-11D3-BF4B-00C04F79EFBC}") = "13 - SuosikkiNimet", "13 - SuosikkiNimet\13 - SuosikkiNimet.csproj", "{855E7411-EC77-4DCD-85F6-7AB60CC7F483}"
EndProject
Global
	GlobalSection(SolutionConfigurationPlatforms) = preSolution
		Debug|Any CPU = Debug|Any CPU
		Release|Any CPU = Release|Any CPU
	EndGlobalSection
	GlobalSection(ProjectConfigurationPlatforms) = postSolution
		{855E7411-EC77-4DCD-85F6-7AB60CC7F483}.Debug|Any CPU.ActiveCfg = Debug|Any CPU
		{855E7411-EC77-4DCD-85F6-7AB60CC7F483}.Debug|Any CPU.Build.0 = Debug|Any CPU
		{855E7411-EC77-4DCD-85F6-7AB60CC7F483}.Release|Any CPU.ActiveCfg = Release|Any CPU
		{855E7411-EC77-4DCD-85F6-7AB60CC7F483}.Release|Any CPU.Build.0 = Release|Any CPU
	EndGlobalSection
	GlobalSection(SolutionProperties) = preSolution
		HideSolutionNode = FALSE
	EndGlobalSection
	GlobalSection(ExtensibilityGlobals) = postSolution
		SolutionGuid = {F749F401-B873-4705-B60F-AC628F7AF561}
	EndGlobalSection
EndGlobal
