
Microsoft Visual Studio Solution File, Format Version 12.00
# Visual Studio Version 17
VisualStudioVersion = 17.4.33213.308
MinimumVisualStudioVersion = 10.0.40219.1
Project("{FAE04EC0-301F-11D3-BF4B-00C04F79EFBC}") = "AutokuluKustannusForm", "AutokuluKustannusForm\AutokuluKustannusForm.csproj", "{09AE27E8-BD04-47B3-906F-806E32A97619}"
EndProject
Global
	GlobalSection(SolutionConfigurationPlatforms) = preSolution
		Debug|Any CPU = Debug|Any CPU
		Release|Any CPU = Release|Any CPU
	EndGlobalSection
	GlobalSection(ProjectConfigurationPlatforms) = postSolution
		{09AE27E8-BD04-47B3-906F-806E32A97619}.Debug|Any CPU.ActiveCfg = Debug|Any CPU
		{09AE27E8-BD04-47B3-906F-806E32A97619}.Debug|Any CPU.Build.0 = Debug|Any CPU
		{09AE27E8-BD04-47B3-906F-806E32A97619}.Release|Any CPU.ActiveCfg = Release|Any CPU
		{09AE27E8-BD04-47B3-906F-806E32A97619}.Release|Any CPU.Build.0 = Release|Any CPU
	EndGlobalSection
	GlobalSection(SolutionProperties) = preSolution
		HideSolutionNode = FALSE
	EndGlobalSection
	GlobalSection(ExtensibilityGlobals) = postSolution
		SolutionGuid = {461339FA-CF77-4677-B797-8FEACC30B8E7}
	EndGlobalSection
EndGlobal
