
Microsoft Visual Studio Solution File, Format Version 12.00
# Visual Studio Version 17
VisualStudioVersion = 17.2.32516.85
MinimumVisualStudioVersion = 10.0.40219.1
Project("{FAE04EC0-301F-11D3-BF4B-00C04F79EFBC}") = "MultiDimensionalArray", "MultiDimensionalArray\MultiDimensionalArray.csproj", "{019FB595-F362-48E0-91F5-5680B680F1EF}"
EndProject
Global
	GlobalSection(SolutionConfigurationPlatforms) = preSolution
		Debug|Any CPU = Debug|Any CPU
		Release|Any CPU = Release|Any CPU
	EndGlobalSection
	GlobalSection(ProjectConfigurationPlatforms) = postSolution
		{019FB595-F362-48E0-91F5-5680B680F1EF}.Debug|Any CPU.ActiveCfg = Debug|Any CPU
		{019FB595-F362-48E0-91F5-5680B680F1EF}.Debug|Any CPU.Build.0 = Debug|Any CPU
		{019FB595-F362-48E0-91F5-5680B680F1EF}.Release|Any CPU.ActiveCfg = Release|Any CPU
		{019FB595-F362-48E0-91F5-5680B680F1EF}.Release|Any CPU.Build.0 = Release|Any CPU
	EndGlobalSection
	GlobalSection(SolutionProperties) = preSolution
		HideSolutionNode = FALSE
	EndGlobalSection
	GlobalSection(ExtensibilityGlobals) = postSolution
		SolutionGuid = {473F4A64-C175-4D37-970E-CE2F12498F99}
	EndGlobalSection
EndGlobal
