
Microsoft Visual Studio Solution File, Format Version 12.00
# Visual Studio Version 17
VisualStudioVersion = 17.4.33213.308
MinimumVisualStudioVersion = 10.0.40219.1
Project("{FAE04EC0-301F-11D3-BF4B-00C04F79EFBC}") = "19 - Tekstin jatkokäsittely", "19 - Tekstin jatkokäsittely\19 - Tekstin jatkokäsittely.csproj", "{35E9DC76-18E4-4E93-B752-0DD71EFA3B91}"
EndProject
Global
	GlobalSection(SolutionConfigurationPlatforms) = preSolution
		Debug|Any CPU = Debug|Any CPU
		Release|Any CPU = Release|Any CPU
	EndGlobalSection
	GlobalSection(ProjectConfigurationPlatforms) = postSolution
		{35E9DC76-18E4-4E93-B752-0DD71EFA3B91}.Debug|Any CPU.ActiveCfg = Debug|Any CPU
		{35E9DC76-18E4-4E93-B752-0DD71EFA3B91}.Debug|Any CPU.Build.0 = Debug|Any CPU
		{35E9DC76-18E4-4E93-B752-0DD71EFA3B91}.Release|Any CPU.ActiveCfg = Release|Any CPU
		{35E9DC76-18E4-4E93-B752-0DD71EFA3B91}.Release|Any CPU.Build.0 = Release|Any CPU
	EndGlobalSection
	GlobalSection(SolutionProperties) = preSolution
		HideSolutionNode = FALSE
	EndGlobalSection
	GlobalSection(ExtensibilityGlobals) = postSolution
		SolutionGuid = {C2668B97-B637-42F9-8AB9-43AD501ADDF1}
	EndGlobalSection
EndGlobal
