
Microsoft Visual Studio Solution File, Format Version 12.00
# Visual Studio Version 17
VisualStudioVersion = 17.2.32516.85
MinimumVisualStudioVersion = 10.0.40219.1
Project("{FAE04EC0-301F-11D3-BF4B-00C04F79EFBC}") = "11.0 - for list - numbers", "11.0 - for list - numbers\11.0 - for list - numbers.csproj", "{E5A0621C-921C-41B7-B977-F2DBF3D93C72}"
EndProject
Global
	GlobalSection(SolutionConfigurationPlatforms) = preSolution
		Debug|Any CPU = Debug|Any CPU
		Release|Any CPU = Release|Any CPU
	EndGlobalSection
	GlobalSection(ProjectConfigurationPlatforms) = postSolution
		{E5A0621C-921C-41B7-B977-F2DBF3D93C72}.Debug|Any CPU.ActiveCfg = Debug|Any CPU
		{E5A0621C-921C-41B7-B977-F2DBF3D93C72}.Debug|Any CPU.Build.0 = Debug|Any CPU
		{E5A0621C-921C-41B7-B977-F2DBF3D93C72}.Release|Any CPU.ActiveCfg = Release|Any CPU
		{E5A0621C-921C-41B7-B977-F2DBF3D93C72}.Release|Any CPU.Build.0 = Release|Any CPU
	EndGlobalSection
	GlobalSection(SolutionProperties) = preSolution
		HideSolutionNode = FALSE
	EndGlobalSection
	GlobalSection(ExtensibilityGlobals) = postSolution
		SolutionGuid = {9776C458-5394-4BB6-B6F8-C5EC55DD4CD2}
	EndGlobalSection
EndGlobal
