
Microsoft Visual Studio Solution File, Format Version 12.00
# Visual Studio Version 17
VisualStudioVersion = 17.2.32516.85
MinimumVisualStudioVersion = 10.0.40219.1
Project("{FAE04EC0-301F-11D3-BF4B-00C04F79EFBC}") = "PituusMuunnin", "PituusMuunnin\PituusMuunnin.csproj", "{AE108C61-1CC1-4C69-B351-A022A5BE0C3D}"
EndProject
Global
	GlobalSection(SolutionConfigurationPlatforms) = preSolution
		Debug|Any CPU = Debug|Any CPU
		Release|Any CPU = Release|Any CPU
	EndGlobalSection
	GlobalSection(ProjectConfigurationPlatforms) = postSolution
		{AE108C61-1CC1-4C69-B351-A022A5BE0C3D}.Debug|Any CPU.ActiveCfg = Debug|Any CPU
		{AE108C61-1CC1-4C69-B351-A022A5BE0C3D}.Debug|Any CPU.Build.0 = Debug|Any CPU
		{AE108C61-1CC1-4C69-B351-A022A5BE0C3D}.Release|Any CPU.ActiveCfg = Release|Any CPU
		{AE108C61-1CC1-4C69-B351-A022A5BE0C3D}.Release|Any CPU.Build.0 = Release|Any CPU
	EndGlobalSection
	GlobalSection(SolutionProperties) = preSolution
		HideSolutionNode = FALSE
	EndGlobalSection
	GlobalSection(ExtensibilityGlobals) = postSolution
		SolutionGuid = {4A27A274-F703-410E-9CD9-F9E330715320}
	EndGlobalSection
EndGlobal
