
Microsoft Visual Studio Solution File, Format Version 12.00
# Visual Studio Version 17
VisualStudioVersion = 17.2.32516.85
MinimumVisualStudioVersion = 10.0.40219.1
Project("{FAE04EC0-301F-11D3-BF4B-00C04F79EFBC}") = "säätilat2", "säätilat2\säätilat2.csproj", "{4727A9AD-9CAF-4AF4-B191-54D62FD4A914}"
EndProject
Global
	GlobalSection(SolutionConfigurationPlatforms) = preSolution
		Debug|Any CPU = Debug|Any CPU
		Release|Any CPU = Release|Any CPU
	EndGlobalSection
	GlobalSection(ProjectConfigurationPlatforms) = postSolution
		{4727A9AD-9CAF-4AF4-B191-54D62FD4A914}.Debug|Any CPU.ActiveCfg = Debug|Any CPU
		{4727A9AD-9CAF-4AF4-B191-54D62FD4A914}.Debug|Any CPU.Build.0 = Debug|Any CPU
		{4727A9AD-9CAF-4AF4-B191-54D62FD4A914}.Release|Any CPU.ActiveCfg = Release|Any CPU
		{4727A9AD-9CAF-4AF4-B191-54D62FD4A914}.Release|Any CPU.Build.0 = Release|Any CPU
	EndGlobalSection
	GlobalSection(SolutionProperties) = preSolution
		HideSolutionNode = FALSE
	EndGlobalSection
	GlobalSection(ExtensibilityGlobals) = postSolution
		SolutionGuid = {70FAEC57-1BEA-4A69-A5A1-BE9214F5A808}
	EndGlobalSection
EndGlobal
