
Microsoft Visual Studio Solution File, Format Version 12.00
# Visual Studio Version 17
VisualStudioVersion = 17.2.32516.85
MinimumVisualStudioVersion = 10.0.40219.1
Project("{FAE04EC0-301F-11D3-BF4B-00C04F79EFBC}") = "5.2_Käyttäjän-IänMääritys", "5.2_Käyttäjän-IänMääritys\5.2_Käyttäjän-IänMääritys.csproj", "{B0611777-BB16-4F39-83A7-C75E68FF12B7}"
EndProject
Global
	GlobalSection(SolutionConfigurationPlatforms) = preSolution
		Debug|Any CPU = Debug|Any CPU
		Release|Any CPU = Release|Any CPU
	EndGlobalSection
	GlobalSection(ProjectConfigurationPlatforms) = postSolution
		{B0611777-BB16-4F39-83A7-C75E68FF12B7}.Debug|Any CPU.ActiveCfg = Debug|Any CPU
		{B0611777-BB16-4F39-83A7-C75E68FF12B7}.Debug|Any CPU.Build.0 = Debug|Any CPU
		{B0611777-BB16-4F39-83A7-C75E68FF12B7}.Release|Any CPU.ActiveCfg = Release|Any CPU
		{B0611777-BB16-4F39-83A7-C75E68FF12B7}.Release|Any CPU.Build.0 = Release|Any CPU
	EndGlobalSection
	GlobalSection(SolutionProperties) = preSolution
		HideSolutionNode = FALSE
	EndGlobalSection
	GlobalSection(ExtensibilityGlobals) = postSolution
		SolutionGuid = {F833FB6A-5BDA-4334-BA60-2E75A525E6AB}
	EndGlobalSection
EndGlobal
