
Microsoft Visual Studio Solution File, Format Version 12.00
# Visual Studio Version 17
VisualStudioVersion = 17.4.33213.308
MinimumVisualStudioVersion = 10.0.40219.1
Project("{FAE04EC0-301F-11D3-BF4B-00C04F79EFBC}") = "16 - viikonpäivä -  switch case", "16 - viikonpäivä -  switch case\16 - viikonpäivä -  switch case.csproj", "{28CBE04E-45C4-41D7-9E62-DFEE2E5464AB}"
EndProject
Global
	GlobalSection(SolutionConfigurationPlatforms) = preSolution
		Debug|Any CPU = Debug|Any CPU
		Release|Any CPU = Release|Any CPU
	EndGlobalSection
	GlobalSection(ProjectConfigurationPlatforms) = postSolution
		{28CBE04E-45C4-41D7-9E62-DFEE2E5464AB}.Debug|Any CPU.ActiveCfg = Debug|Any CPU
		{28CBE04E-45C4-41D7-9E62-DFEE2E5464AB}.Debug|Any CPU.Build.0 = Debug|Any CPU
		{28CBE04E-45C4-41D7-9E62-DFEE2E5464AB}.Release|Any CPU.ActiveCfg = Release|Any CPU
		{28CBE04E-45C4-41D7-9E62-DFEE2E5464AB}.Release|Any CPU.Build.0 = Release|Any CPU
	EndGlobalSection
	GlobalSection(SolutionProperties) = preSolution
		HideSolutionNode = FALSE
	EndGlobalSection
	GlobalSection(ExtensibilityGlobals) = postSolution
		SolutionGuid = {3FE02EAC-F1BE-444B-B972-0D9FE6310898}
	EndGlobalSection
EndGlobal
