
Microsoft Visual Studio Solution File, Format Version 12.00
# Visual Studio Version 17
VisualStudioVersion = 17.2.32516.85
MinimumVisualStudioVersion = 10.0.40219.1
Project("{FAE04EC0-301F-11D3-BF4B-00C04F79EFBC}") = "7.3 HalfPyramid - Sisäkkäiset FOR loopit", "7.3 HalfPyramid - Sisäkkäiset FOR loopit\7.3 HalfPyramid - Sisäkkäiset FOR loopit.csproj", "{D3D1470E-DA11-4252-91D1-A1087F9F6819}"
EndProject
Global
	GlobalSection(SolutionConfigurationPlatforms) = preSolution
		Debug|Any CPU = Debug|Any CPU
		Release|Any CPU = Release|Any CPU
	EndGlobalSection
	GlobalSection(ProjectConfigurationPlatforms) = postSolution
		{D3D1470E-DA11-4252-91D1-A1087F9F6819}.Debug|Any CPU.ActiveCfg = Debug|Any CPU
		{D3D1470E-DA11-4252-91D1-A1087F9F6819}.Debug|Any CPU.Build.0 = Debug|Any CPU
		{D3D1470E-DA11-4252-91D1-A1087F9F6819}.Release|Any CPU.ActiveCfg = Release|Any CPU
		{D3D1470E-DA11-4252-91D1-A1087F9F6819}.Release|Any CPU.Build.0 = Release|Any CPU
	EndGlobalSection
	GlobalSection(SolutionProperties) = preSolution
		HideSolutionNode = FALSE
	EndGlobalSection
	GlobalSection(ExtensibilityGlobals) = postSolution
		SolutionGuid = {7A2C6883-D39C-454C-8602-EE7F6214D675}
	EndGlobalSection
EndGlobal
