
Microsoft Visual Studio Solution File, Format Version 12.00
# Visual Studio Version 17
VisualStudioVersion = 17.8.34330.188
MinimumVisualStudioVersion = 10.0.40219.1
Project("{FAE04EC0-301F-11D3-BF4B-00C04F79EFBC}") = "KahvilaForm", "KahvilaForm\KahvilaForm.csproj", "{033B7F77-A0A6-4806-AE9A-58817852A1FD}"
EndProject
Global
	GlobalSection(SolutionConfigurationPlatforms) = preSolution
		Debug|Any CPU = Debug|Any CPU
		Release|Any CPU = Release|Any CPU
	EndGlobalSection
	GlobalSection(ProjectConfigurationPlatforms) = postSolution
		{033B7F77-A0A6-4806-AE9A-58817852A1FD}.Debug|Any CPU.ActiveCfg = Debug|Any CPU
		{033B7F77-A0A6-4806-AE9A-58817852A1FD}.Debug|Any CPU.Build.0 = Debug|Any CPU
		{033B7F77-A0A6-4806-AE9A-58817852A1FD}.Release|Any CPU.ActiveCfg = Release|Any CPU
		{033B7F77-A0A6-4806-AE9A-58817852A1FD}.Release|Any CPU.Build.0 = Release|Any CPU
	EndGlobalSection
	GlobalSection(SolutionProperties) = preSolution
		HideSolutionNode = FALSE
	EndGlobalSection
	GlobalSection(ExtensibilityGlobals) = postSolution
		SolutionGuid = {7D63FDEF-E9E3-408C-8E77-F8C213DD0CD9}
	EndGlobalSection
EndGlobal
