
Microsoft Visual Studio Solution File, Format Version 12.00
# Visual Studio Version 17
VisualStudioVersion = 17.4.33213.308
MinimumVisualStudioVersion = 10.0.40219.1
Project("{FAE04EC0-301F-11D3-BF4B-00C04F79EFBC}") = "13 Aliohjelma2", "13 Aliohjelma2\13 Aliohjelma2.csproj", "{F257A728-61D9-430A-A02D-5528BF19FA68}"
EndProject
Global
	GlobalSection(SolutionConfigurationPlatforms) = preSolution
		Debug|Any CPU = Debug|Any CPU
		Release|Any CPU = Release|Any CPU
	EndGlobalSection
	GlobalSection(ProjectConfigurationPlatforms) = postSolution
		{F257A728-61D9-430A-A02D-5528BF19FA68}.Debug|Any CPU.ActiveCfg = Debug|Any CPU
		{F257A728-61D9-430A-A02D-5528BF19FA68}.Debug|Any CPU.Build.0 = Debug|Any CPU
		{F257A728-61D9-430A-A02D-5528BF19FA68}.Release|Any CPU.ActiveCfg = Release|Any CPU
		{F257A728-61D9-430A-A02D-5528BF19FA68}.Release|Any CPU.Build.0 = Release|Any CPU
	EndGlobalSection
	GlobalSection(SolutionProperties) = preSolution
		HideSolutionNode = FALSE
	EndGlobalSection
	GlobalSection(ExtensibilityGlobals) = postSolution
		SolutionGuid = {E49FB3C1-07BC-43E8-8639-BABD38E9639E}
	EndGlobalSection
EndGlobal
