
Microsoft Visual Studio Solution File, Format Version 12.00
# Visual Studio Version 17
VisualStudioVersion = 17.8.34330.188
MinimumVisualStudioVersion = 10.0.40219.1
Project("{FAE04EC0-301F-11D3-BF4B-00C04F79EFBC}") = "17-Muistio", "17-Muistio\17-Muistio.csproj", "{576D733A-4399-41BC-8ED1-311A588CD96C}"
EndProject
Global
	GlobalSection(SolutionConfigurationPlatforms) = preSolution
		Debug|Any CPU = Debug|Any CPU
		Release|Any CPU = Release|Any CPU
	EndGlobalSection
	GlobalSection(ProjectConfigurationPlatforms) = postSolution
		{576D733A-4399-41BC-8ED1-311A588CD96C}.Debug|Any CPU.ActiveCfg = Debug|Any CPU
		{576D733A-4399-41BC-8ED1-311A588CD96C}.Debug|Any CPU.Build.0 = Debug|Any CPU
		{576D733A-4399-41BC-8ED1-311A588CD96C}.Release|Any CPU.ActiveCfg = Release|Any CPU
		{576D733A-4399-41BC-8ED1-311A588CD96C}.Release|Any CPU.Build.0 = Release|Any CPU
	EndGlobalSection
	GlobalSection(SolutionProperties) = preSolution
		HideSolutionNode = FALSE
	EndGlobalSection
	GlobalSection(ExtensibilityGlobals) = postSolution
		SolutionGuid = {E65DA920-C453-41D9-B908-85C74DE2539A}
	EndGlobalSection
EndGlobal
