
Microsoft Visual Studio Solution File, Format Version 12.00
# Visual Studio Version 17
VisualStudioVersion = 17.2.32516.85
MinimumVisualStudioVersion = 10.0.40219.1
Project("{FAE04EC0-301F-11D3-BF4B-00C04F79EFBC}") = "8.1 Hedelmiä", "8.1 Hedelmiä\8.1 Hedelmiä.csproj", "{403B22F6-4251-410E-9249-1B992138148A}"
EndProject
Global
	GlobalSection(SolutionConfigurationPlatforms) = preSolution
		Debug|Any CPU = Debug|Any CPU
		Release|Any CPU = Release|Any CPU
	EndGlobalSection
	GlobalSection(ProjectConfigurationPlatforms) = postSolution
		{403B22F6-4251-410E-9249-1B992138148A}.Debug|Any CPU.ActiveCfg = Debug|Any CPU
		{403B22F6-4251-410E-9249-1B992138148A}.Debug|Any CPU.Build.0 = Debug|Any CPU
		{403B22F6-4251-410E-9249-1B992138148A}.Release|Any CPU.ActiveCfg = Release|Any CPU
		{403B22F6-4251-410E-9249-1B992138148A}.Release|Any CPU.Build.0 = Release|Any CPU
	EndGlobalSection
	GlobalSection(SolutionProperties) = preSolution
		HideSolutionNode = FALSE
	EndGlobalSection
	GlobalSection(ExtensibilityGlobals) = postSolution
		SolutionGuid = {D75946CF-944D-44EF-B4CA-3F2FDB1F5A14}
	EndGlobalSection
EndGlobal
