
Microsoft Visual Studio Solution File, Format Version 12.00
# Visual Studio Version 17
VisualStudioVersion = 17.4.33110.190
MinimumVisualStudioVersion = 10.0.40219.1
Project("{FAE04EC0-301F-11D3-BF4B-00C04F79EFBC}") = "12 - Aliohjelma1 -- Method1", "12 - Aliohjelma1 -- Method1\12 - Aliohjelma1 -- Method1.csproj", "{3024A1CE-F2F4-48F7-BBF2-8ADCC0C18DF0}"
EndProject
Global
	GlobalSection(SolutionConfigurationPlatforms) = preSolution
		Debug|Any CPU = Debug|Any CPU
		Release|Any CPU = Release|Any CPU
	EndGlobalSection
	GlobalSection(ProjectConfigurationPlatforms) = postSolution
		{3024A1CE-F2F4-48F7-BBF2-8ADCC0C18DF0}.Debug|Any CPU.ActiveCfg = Debug|Any CPU
		{3024A1CE-F2F4-48F7-BBF2-8ADCC0C18DF0}.Debug|Any CPU.Build.0 = Debug|Any CPU
		{3024A1CE-F2F4-48F7-BBF2-8ADCC0C18DF0}.Release|Any CPU.ActiveCfg = Release|Any CPU
		{3024A1CE-F2F4-48F7-BBF2-8ADCC0C18DF0}.Release|Any CPU.Build.0 = Release|Any CPU
	EndGlobalSection
	GlobalSection(SolutionProperties) = preSolution
		HideSolutionNode = FALSE
	EndGlobalSection
	GlobalSection(ExtensibilityGlobals) = postSolution
		SolutionGuid = {AAD1D183-4E13-4807-90A2-DAB74D34D704}
	EndGlobalSection
EndGlobal
