
Microsoft Visual Studio Solution File, Format Version 12.00
# Visual Studio Version 17
VisualStudioVersion = 17.4.33213.308
MinimumVisualStudioVersion = 10.0.40219.1
Project("{FAE04EC0-301F-11D3-BF4B-00C04F79EFBC}") = "10KysymystäForm1", "10KysymystäForm1\10KysymystäForm1.csproj", "{0D6820C6-7ABF-47BF-A50E-ABB1113F58B6}"
EndProject
Global
	GlobalSection(SolutionConfigurationPlatforms) = preSolution
		Debug|Any CPU = Debug|Any CPU
		Release|Any CPU = Release|Any CPU
	EndGlobalSection
	GlobalSection(ProjectConfigurationPlatforms) = postSolution
		{0D6820C6-7ABF-47BF-A50E-ABB1113F58B6}.Debug|Any CPU.ActiveCfg = Debug|Any CPU
		{0D6820C6-7ABF-47BF-A50E-ABB1113F58B6}.Debug|Any CPU.Build.0 = Debug|Any CPU
		{0D6820C6-7ABF-47BF-A50E-ABB1113F58B6}.Release|Any CPU.ActiveCfg = Release|Any CPU
		{0D6820C6-7ABF-47BF-A50E-ABB1113F58B6}.Release|Any CPU.Build.0 = Release|Any CPU
	EndGlobalSection
	GlobalSection(SolutionProperties) = preSolution
		HideSolutionNode = FALSE
	EndGlobalSection
	GlobalSection(ExtensibilityGlobals) = postSolution
		SolutionGuid = {2EB2C18B-7C16-428B-AB91-CFF1879BE9C9}
	EndGlobalSection
EndGlobal
