
Microsoft Visual Studio Solution File, Format Version 12.00
# Visual Studio Version 17
VisualStudioVersion = 17.4.33213.308
MinimumVisualStudioVersion = 10.0.40219.1
Project("{FAE04EC0-301F-11D3-BF4B-00C04F79EFBC}") = "PainoindeksiLaskuriForm", "PainoindeksiLaskuriForm\PainoindeksiLaskuriForm.csproj", "{6CD31D11-27BD-46EF-BBED-01276917AD00}"
EndProject
Global
	GlobalSection(SolutionConfigurationPlatforms) = preSolution
		Debug|Any CPU = Debug|Any CPU
		Release|Any CPU = Release|Any CPU
	EndGlobalSection
	GlobalSection(ProjectConfigurationPlatforms) = postSolution
		{6CD31D11-27BD-46EF-BBED-01276917AD00}.Debug|Any CPU.ActiveCfg = Debug|Any CPU
		{6CD31D11-27BD-46EF-BBED-01276917AD00}.Debug|Any CPU.Build.0 = Debug|Any CPU
		{6CD31D11-27BD-46EF-BBED-01276917AD00}.Release|Any CPU.ActiveCfg = Release|Any CPU
		{6CD31D11-27BD-46EF-BBED-01276917AD00}.Release|Any CPU.Build.0 = Release|Any CPU
	EndGlobalSection
	GlobalSection(SolutionProperties) = preSolution
		HideSolutionNode = FALSE
	EndGlobalSection
	GlobalSection(ExtensibilityGlobals) = postSolution
		SolutionGuid = {4F6E299D-3A39-4791-A64F-D3BB6F28A8BA}
	EndGlobalSection
EndGlobal
